{"format_version":"0.2","terraform_version":"1.0.5","variables":{"credentials":{"value":""},"project_id":{"value":"tf-lab-life"},"region":{"value":"asia-east1"},"subnet_cidr":{"value":"10.10.0.0/24"},"subnet_name":{"value":"gke-subnet"},"subnet_region":{"value":"asia-east1"},"vpc_name":{"value":"gcp-lab-vpc"}},"planned_values":{"outputs":{"subnet_id":{"sensitive":false},"subnet_name":{"sensitive":false,"value":"gke-subnet"},"vpc_id":{"sensitive":false},"vpc_name":{"sensitive":false,"value":"gcp-lab-vpc"}},"root_module":{"resources":[{"address":"google_compute_network.vpc","mode":"managed","type":"google_compute_network","name":"vpc","provider_name":"registry.terraform.io/hashicorp/google","schema_version":0,"values":{"auto_create_subnetworks":false,"delete_default_routes_on_create":false,"description":null,"name":"gcp-lab-vpc","routing_mode":"REGIONAL","timeouts":null},"sensitive_values":{}},{"address":"google_compute_subnetwork.gke_subnet","mode":"managed","type":"google_compute_subnetwork","name":"gke_subnet","provider_name":"registry.terraform.io/hashicorp/google","schema_version":0,"values":{"description":null,"ip_cidr_range":"10.10.0.0/24","ipv6_access_type":null,"log_config":[{"aggregation_interval":"INTERVAL_10_MIN","filter_expr":"true","flow_sampling":0.5,"metadata":"INCLUDE_ALL_METADATA","metadata_fields":null}],"name":"gke-subnet","network":"gcp-lab-vpc","private_ip_google_access":null,"region":"asia-east1","role":null,"timeouts":null},"sensitive_values":{"log_config":[{}],"secondary_ip_range":[]}}]}},"resource_changes":[{"address":"google_compute_network.vpc","mode":"managed","type":"google_compute_network","name":"vpc","provider_name":"registry.terraform.io/hashicorp/google","change":{"actions":["create"],"before":null,"after":{"auto_create_subnetworks":false,"delete_default_routes_on_create":false,"description":null,"name":"gcp-lab-vpc","routing_mode":"REGIONAL","timeouts":null},"after_unknown":{"gateway_ipv4":true,"id":true,"mtu":true,"project":true,"self_link":true},"before_sensitive":false,"after_sensitive":{}}},{"address":"google_compute_subnetwork.gke_subnet","mode":"managed","type":"google_compute_subnetwork","name":"gke_subnet","provider_name":"registry.terraform.io/hashicorp/google","change":{"actions":["create"],"before":null,"after":{"description":null,"ip_cidr_range":"10.10.0.0/24","ipv6_access_type":null,"log_config":[{"aggregation_interval":"INTERVAL_10_MIN","filter_expr":"true","flow_sampling":0.5,"metadata":"INCLUDE_ALL_METADATA","metadata_fields":null}],"name":"gke-subnet","network":"gcp-lab-vpc","private_ip_google_access":null,"region":"asia-east1","role":null,"timeouts":null},"after_unknown":{"creation_timestamp":true,"external_ipv6_prefix":true,"fingerprint":true,"gateway_address":true,"id":true,"ipv6_cidr_range":true,"log_config":[{}],"private_ipv6_google_access":true,"project":true,"purpose":true,"secondary_ip_range":true,"self_link":true,"stack_type":true},"before_sensitive":false,"after_sensitive":{"log_config":[{}],"secondary_ip_range":[]}}}],"output_changes":{"subnet_id":{"actions":["create"],"before":null,"after_unknown":true,"before_sensitive":false,"after_sensitive":false},"subnet_name":{"actions":["create"],"before":null,"after":"gke-subnet","after_unknown":false,"before_sensitive":false,"after_sensitive":false},"vpc_id":{"actions":["create"],"before":null,"after_unknown":true,"before_sensitive":false,"after_sensitive":false},"vpc_name":{"actions":["create"],"before":null,"after":"gcp-lab-vpc","after_unknown":false,"before_sensitive":false,"after_sensitive":false}},"prior_state":{"format_version":"0.2","terraform_version":"1.0.5","values":{"outputs":{"subnet_name":{"sensitive":false,"value":"gke-subnet"},"vpc_name":{"sensitive":false,"value":"gcp-lab-vpc"}},"root_module":{}}},"configuration":{"provider_config":{"google":{"name":"google","expressions":{"credentials":{"references":["var.credentials"]},"project":{"references":["var.project_id"]}}}},"root_module":{"outputs":{"subnet_id":{"expression":{"references":["google_compute_subnetwork.gke_subnet.id","google_compute_subnetwork.gke_subnet"]},"description":"The id of the subnet have bean created"},"subnet_name":{"expression":{"references":["google_compute_subnetwork.gke_subnet.name","google_compute_subnetwork.gke_subnet"]},"description":"The name of the subnet have bean created"},"vpc_id":{"expression":{"references":["google_compute_network.vpc.id","google_compute_network.vpc"]},"description":"The id of the VPC have bean created"},"vpc_name":{"expression":{"references":["google_compute_network.vpc.name","google_compute_network.vpc"]},"description":"The name of the VPC have bean created"}},"resources":[{"address":"google_compute_network.vpc","mode":"managed","type":"google_compute_network","name":"vpc","provider_config_key":"google","expressions":{"auto_create_subnetworks":{"constant_value":false},"name":{"references":["var.vpc_name"]},"routing_mode":{"constant_value":"REGIONAL"}},"schema_version":0},{"address":"google_compute_subnetwork.gke_subnet","mode":"managed","type":"google_compute_subnetwork","name":"gke_subnet","provider_config_key":"google","expressions":{"ip_cidr_range":{"references":["var.subnet_cidr"]},"log_config":[{"aggregation_interval":{"constant_value":"INTERVAL_10_MIN"},"flow_sampling":{"constant_value":0.5},"metadata":{"constant_value":"INCLUDE_ALL_METADATA"}}],"name":{"references":["var.subnet_name"]},"network":{"references":["google_compute_network.vpc.name","google_compute_network.vpc"]},"region":{"references":["var.subnet_region"]}},"schema_version":0}],"variables":{"credentials":{"default":"","description":"Google Cloud Platform credentials"},"project_id":{"default":"gcp work project"},"region":{"default":"asia-east1","description":"gcp resource work region"},"subnet_cidr":{"description":"What size is subnet created"},"subnet_name":{"description":"subnet name"},"subnet_region":{"description":"which region is subnet created"},"vpc_name":{"description":"vpc name"}}}}}
